
Microsoft Visual Studio Solution File, Format Version 12.00
# Visual Studio Version 17
VisualStudioVersion = 17.6.33815.320
MinimumVisualStudioVersion = 10.0.40219.1
Project("{FAE04EC0-301F-11D3-BF4B-00C04F79EFBC}") = "WebInterna", "WebInterna.csproj", "{8EE86932-9A11-402E-8035-BBE3DF96BBB1}"
EndProject
Global
	GlobalSection(SolutionConfigurationPlatforms) = preSolution
		Debug|Any CPU = Debug|Any CPU
		Release|Any CPU = Release|Any CPU
	EndGlobalSection
	GlobalSection(ProjectConfigurationPlatforms) = postSolution
		{8EE86932-9A11-402E-8035-BBE3DF96BBB1}.Debug|Any CPU.ActiveCfg = Debug|Any CPU
		{8EE86932-9A11-402E-8035-BBE3DF96BBB1}.Debug|Any CPU.Build.0 = Debug|Any CPU
		{8EE86932-9A11-402E-8035-BBE3DF96BBB1}.Release|Any CPU.ActiveCfg = Release|Any CPU
		{8EE86932-9A11-402E-8035-BBE3DF96BBB1}.Release|Any CPU.Build.0 = Release|Any CPU
	EndGlobalSection
	GlobalSection(SolutionProperties) = preSolution
		HideSolutionNode = FALSE
	EndGlobalSection
	GlobalSection(ExtensibilityGlobals) = postSolution
		SolutionGuid = {A34CE335-2FE2-419C-89E8-F656C8E644FE}
	EndGlobalSection
EndGlobal
